
Microsoft Visual Studio Solution File, Format Version 12.00
# Visual Studio Version 16
VisualStudioVersion = 16.0.30413.136
MinimumVisualStudioVersion = 10.0.40219.1
Project("{FAE04EC0-301F-11D3-BF4B-00C04F79EFBC}") = "HandlingExceptions", "HandlingExceptions.csproj", "{DFEA6E3B-CA59-4BB9-A988-87256FED5281}"
EndProject
Global
	GlobalSection(SolutionConfigurationPlatforms) = preSolution
		Debug|Any CPU = Debug|Any CPU
		Release|Any CPU = Release|Any CPU
	EndGlobalSection
	GlobalSection(ProjectConfigurationPlatforms) = postSolution
		{DFEA6E3B-CA59-4BB9-A988-87256FED5281}.Debug|Any CPU.ActiveCfg = Debug|Any CPU
		{DFEA6E3B-CA59-4BB9-A988-87256FED5281}.Debug|Any CPU.Build.0 = Debug|Any CPU
		{DFEA6E3B-CA59-4BB9-A988-87256FED5281}.Release|Any CPU.ActiveCfg = Release|Any CPU
		{DFEA6E3B-CA59-4BB9-A988-87256FED5281}.Release|Any CPU.Build.0 = Release|Any CPU
	EndGlobalSection
	GlobalSection(SolutionProperties) = preSolution
		HideSolutionNode = FALSE
	EndGlobalSection
	GlobalSection(ExtensibilityGlobals) = postSolution
		SolutionGuid = {C30403A9-475F-4548-B29F-28ED88755DE8}
	EndGlobalSection
EndGlobal
