
Microsoft Visual Studio Solution File, Format Version 12.00
# Visual Studio Version 16
VisualStudioVersion = 16.0.33027.164
MinimumVisualStudioVersion = 10.0.40219.1
Project("{FAE04EC0-301F-11D3-BF4B-00C04F79EFBC}") = "Lab5_PersonalProject", "Lab5_PersonalProject.csproj", "{22F4B976-9F0F-43E2-B2A6-A353FD29BCB5}"
EndProject
Global
	GlobalSection(SolutionConfigurationPlatforms) = preSolution
		Debug|Any CPU = Debug|Any CPU
		Release|Any CPU = Release|Any CPU
	EndGlobalSection
	GlobalSection(ProjectConfigurationPlatforms) = postSolution
		{22F4B976-9F0F-43E2-B2A6-A353FD29BCB5}.Debug|Any CPU.ActiveCfg = Debug|Any CPU
		{22F4B976-9F0F-43E2-B2A6-A353FD29BCB5}.Debug|Any CPU.Build.0 = Debug|Any CPU
		{22F4B976-9F0F-43E2-B2A6-A353FD29BCB5}.Release|Any CPU.ActiveCfg = Release|Any CPU
		{22F4B976-9F0F-43E2-B2A6-A353FD29BCB5}.Release|Any CPU.Build.0 = Release|Any CPU
	EndGlobalSection
	GlobalSection(SolutionProperties) = preSolution
		HideSolutionNode = FALSE
	EndGlobalSection
	GlobalSection(ExtensibilityGlobals) = postSolution
		SolutionGuid = {BB6B1D38-848C-4652-8AE6-26E4C1F8DA46}
	EndGlobalSection
EndGlobal
