
Microsoft Visual Studio Solution File, Format Version 12.00
# Visual Studio Version 16
VisualStudioVersion = 16.0.30621.155
MinimumVisualStudioVersion = 10.0.40219.1
Project("{FAE04EC0-301F-11D3-BF4B-00C04F79EFBC}") = "SampleWebAppForDemonstration", "SampleWebAppForDemonstration.csproj", "{181BDC4F-CBE8-4B36-8AE4-37BDE11E9C6B}"
EndProject
Global
	GlobalSection(SolutionConfigurationPlatforms) = preSolution
		Debug|Any CPU = Debug|Any CPU
		Release|Any CPU = Release|Any CPU
	EndGlobalSection
	GlobalSection(ProjectConfigurationPlatforms) = postSolution
		{181BDC4F-CBE8-4B36-8AE4-37BDE11E9C6B}.Debug|Any CPU.ActiveCfg = Debug|Any CPU
		{181BDC4F-CBE8-4B36-8AE4-37BDE11E9C6B}.Debug|Any CPU.Build.0 = Debug|Any CPU
		{181BDC4F-CBE8-4B36-8AE4-37BDE11E9C6B}.Release|Any CPU.ActiveCfg = Release|Any CPU
		{181BDC4F-CBE8-4B36-8AE4-37BDE11E9C6B}.Release|Any CPU.Build.0 = Release|Any CPU
	EndGlobalSection
	GlobalSection(SolutionProperties) = preSolution
		HideSolutionNode = FALSE
	EndGlobalSection
	GlobalSection(ExtensibilityGlobals) = postSolution
		SolutionGuid = {849962CB-3045-433C-8EC7-579D3AEA5B10}
	EndGlobalSection
EndGlobal
