
Microsoft Visual Studio Solution File, Format Version 12.00
# Visual Studio Version 16
VisualStudioVersion = 16.0.32802.440
MinimumVisualStudioVersion = 10.0.40219.1
Project("{FAE04EC0-301F-11D3-BF4B-00C04F79EFBC}") = "WEBD_Lab2", "WEBD_Lab2.csproj", "{BE87F2F0-3665-442D-A3DD-A8E473731826}"
EndProject
Global
	GlobalSection(SolutionConfigurationPlatforms) = preSolution
		Debug|Any CPU = Debug|Any CPU
		Release|Any CPU = Release|Any CPU
	EndGlobalSection
	GlobalSection(ProjectConfigurationPlatforms) = postSolution
		{BE87F2F0-3665-442D-A3DD-A8E473731826}.Debug|Any CPU.ActiveCfg = Debug|Any CPU
		{BE87F2F0-3665-442D-A3DD-A8E473731826}.Debug|Any CPU.Build.0 = Debug|Any CPU
		{BE87F2F0-3665-442D-A3DD-A8E473731826}.Release|Any CPU.ActiveCfg = Release|Any CPU
		{BE87F2F0-3665-442D-A3DD-A8E473731826}.Release|Any CPU.Build.0 = Release|Any CPU
	EndGlobalSection
	GlobalSection(SolutionProperties) = preSolution
		HideSolutionNode = FALSE
	EndGlobalSection
	GlobalSection(ExtensibilityGlobals) = postSolution
		SolutionGuid = {291B8FFA-5129-4917-8B76-F9F17A7B80BA}
	EndGlobalSection
EndGlobal
