
Microsoft Visual Studio Solution File, Format Version 12.00
# Visual Studio Version 16
VisualStudioVersion = 16.0.32802.440
MinimumVisualStudioVersion = 10.0.40219.1
Project("{FAE04EC0-301F-11D3-BF4B-00C04F79EFBC}") = "testasp", "testasp.csproj", "{FCB2A71D-174C-4D9A-ADD2-7682B1FEC3BF}"
EndProject
Global
	GlobalSection(SolutionConfigurationPlatforms) = preSolution
		Debug|Any CPU = Debug|Any CPU
		Release|Any CPU = Release|Any CPU
	EndGlobalSection
	GlobalSection(ProjectConfigurationPlatforms) = postSolution
		{FCB2A71D-174C-4D9A-ADD2-7682B1FEC3BF}.Debug|Any CPU.ActiveCfg = Debug|Any CPU
		{FCB2A71D-174C-4D9A-ADD2-7682B1FEC3BF}.Debug|Any CPU.Build.0 = Debug|Any CPU
		{FCB2A71D-174C-4D9A-ADD2-7682B1FEC3BF}.Release|Any CPU.ActiveCfg = Release|Any CPU
		{FCB2A71D-174C-4D9A-ADD2-7682B1FEC3BF}.Release|Any CPU.Build.0 = Release|Any CPU
	EndGlobalSection
	GlobalSection(SolutionProperties) = preSolution
		HideSolutionNode = FALSE
	EndGlobalSection
	GlobalSection(ExtensibilityGlobals) = postSolution
		SolutionGuid = {2B192D35-DA4C-4F96-B4A6-D3C72CCD495D}
	EndGlobalSection
EndGlobal
